{
  "name": "src",
  "lockfileVersion": 2,
  "requires": true,
  "packages": {
    "": {
      "dependencies": {
        "node-encoder": "^2.0.4"
      }
    },
    "node_modules/node-encoder": {
      "version": "2.0.4",
      "resolved": "https://registry.npmjs.org/node-encoder/-/node-encoder-2.0.4.tgz",
      "integrity": "sha512-ef2bKV7ODhTTHlo5uol8Cw2QMOuSJtVtAc/FSC5cyORFQ/vyHgKkaLGK6vZZdj+LLD3QgjQMOOmUJOntB+iCEQ==",
      "engines": {
        "node": ">=10"
      }
    }
  },
  "dependencies": {
    "node-encoder": {
      "version": "2.0.4",
      "resolved": "https://registry.npmjs.org/node-encoder/-/node-encoder-2.0.4.tgz",
      "integrity": "sha512-ef2bKV7ODhTTHlo5uol8Cw2QMOuSJtVtAc/FSC5cyORFQ/vyHgKkaLGK6vZZdj+LLD3QgjQMOOmUJOntB+iCEQ=="
    }
  }
}
